// !$*UTF8*$!
{
	archiveVersion = 1;
	classes = {
	};
	objectVersion = 46;
	objects = {

/* Begin PBXBuildFile section */
		4D18D1071978FE89009D379C /* Cocoa.framework in Frameworks */ = {isa = PBXBuildFile; fileRef = 4D18D1061978FE89009D379C /* Cocoa.framework */; };
		4D18D1111978FE89009D379C /* InfoPlist.strings in Resources */ = {isa = PBXBuildFile; fileRef = 4D18D10F1978FE89009D379C /* InfoPlist.strings */; };
		4D18D1131978FE89009D379C /* main.m in Sources */ = {isa = PBXBuildFile; fileRef = 4D18D1121978FE89009D379C /* main.m */; };
		4D18D1171978FE89009D379C /* Credits.rtf in Resources */ = {isa = PBXBuildFile; fileRef = 4D18D1151978FE89009D379C /* Credits.rtf */; };
		4D18D11A1978FE89009D379C /* BTAppDelegate.m in Sources */ = {isa = PBXBuildFile; fileRef = 4D18D1191978FE89009D379C /* BTAppDelegate.m */; };
		4D18D11D1978FE89009D379C /* MainMenu.xib in Resources */ = {isa = PBXBuildFile; fileRef = 4D18D11B1978FE89009D379C /* MainMenu.xib */; };
		4D18D11F1978FE89009D379C /* Images.xcassets in Resources */ = {isa = PBXBuildFile; fileRef = 4D18D11E1978FE89009D379C /* Images.xcassets */; };
		4D18D1261978FE89009D379C /* XCTest.framework in Frameworks */ = {isa = PBXBuildFile; fileRef = 4D18D1251978FE89009D379C /* XCTest.framework */; };
		4D18D1271978FE89009D379C /* Cocoa.framework in Frameworks */ = {isa = PBXBuildFile; fileRef = 4D18D1061978FE89009D379C /* Cocoa.framework */; };
		4D18D12F1978FE89009D379C /* InfoPlist.strings in Resources */ = {isa = PBXBuildFile; fileRef = 4D18D12D1978FE89009D379C /* InfoPlist.strings */; };
		4D18D1311978FE89009D379C /* aarghTests.m in Sources */ = {isa = PBXBuildFile; fileRef = 4D18D1301978FE89009D379C /* aarghTests.m */; };
		4D18D13B19790058009D379C /* WebKit.framework in Frameworks */ = {isa = PBXBuildFile; fileRef = 4D18D13A19790058009D379C /* WebKit.framework */; };
/* End PBXBuildFile section */

/* Begin PBXContainerItemProxy section */
		4D18D1281978FE89009D379C /* PBXContainerItemProxy */ = {
			isa = PBXContainerItemProxy;
			containerPortal = 4D18D0FB1978FE89009D379C /* Project object */;
			proxyType = 1;
			remoteGlobalIDString = 4D18D1021978FE89009D379C;
			remoteInfo = aargh;
		};
/* End PBXContainerItemProxy section */

/* Begin PBXFileReference section */
		4D18D1031978FE89009D379C /* aargh.app */ = {isa = PBXFileReference; explicitFileType = wrapper.application; includeInIndex = 0; path = aargh.app; sourceTree = BUILT_PRODUCTS_DIR; };
		4D18D1061978FE89009D379C /* Cocoa.framework */ = {isa = PBXFileReference; lastKnownFileType = wrapper.framework; name = Cocoa.framework; path = System/Library/Frameworks/Cocoa.framework; sourceTree = SDKROOT; };
		4D18D1091978FE89009D379C /* AppKit.framework */ = {isa = PBXFileReference; lastKnownFileType = wrapper.framework; name = AppKit.framework; path = System/Library/Frameworks/AppKit.framework; sourceTree = SDKROOT; };
		4D18D10A1978FE89009D379C /* CoreData.framework */ = {isa = PBXFileReference; lastKnownFileType = wrapper.framework; name = CoreData.framework; path = System/Library/Frameworks/CoreData.framework; sourceTree = SDKROOT; };
		4D18D10B1978FE89009D379C /* Foundation.framework */ = {isa = PBXFileReference; lastKnownFileType = wrapper.framework; name = Foundation.framework; path = System/Library/Frameworks/Foundation.framework; sourceTree = SDKROOT; };
		4D18D10E1978FE89009D379C /* aargh-Info.plist */ = {isa = PBXFileReference; lastKnownFileType = text.plist.xml; path = "aargh-Info.plist"; sourceTree = "<group>"; };
		4D18D1101978FE89009D379C /* en */ = {isa = PBXFileReference; lastKnownFileType = text.plist.strings; name = en; path = en.lproj/InfoPlist.strings; sourceTree = "<group>"; };
		4D18D1121978FE89009D379C /* main.m */ = {isa = PBXFileReference; lastKnownFileType = sourcecode.c.objc; path = main.m; sourceTree = "<group>"; };
		4D18D1141978FE89009D379C /* aargh-Prefix.pch */ = {isa = PBXFileReference; lastKnownFileType = sourcecode.c.h; path = "aargh-Prefix.pch"; sourceTree = "<group>"; };
		4D18D1161978FE89009D379C /* en */ = {isa = PBXFileReference; lastKnownFileType = text.rtf; name = en; path = en.lproj/Credits.rtf; sourceTree = "<group>"; };
		4D18D1181978FE89009D379C /* BTAppDelegate.h */ = {isa = PBXFileReference; lastKnownFileType = sourcecode.c.h; path = BTAppDelegate.h; sourceTree = "<group>"; };
		4D18D1191978FE89009D379C /* BTAppDelegate.m */ = {isa = PBXFileReference; lastKnownFileType = sourcecode.c.objc; path = BTAppDelegate.m; sourceTree = "<group>"; };
		4D18D11C1978FE89009D379C /* Base */ = {isa = PBXFileReference; lastKnownFileType = file.xib; name = Base; path = Base.lproj/MainMenu.xib; sourceTree = "<group>"; };
		4D18D11E1978FE89009D379C /* Images.xcassets */ = {isa = PBXFileReference; lastKnownFileType = folder.assetcatalog; path = Images.xcassets; sourceTree = "<group>"; };
		4D18D1241978FE89009D379C /* aarghTests.xctest */ = {isa = PBXFileReference; explicitFileType = wrapper.cfbundle; includeInIndex = 0; path = aarghTests.xctest; sourceTree = BUILT_PRODUCTS_DIR; };
		4D18D1251978FE89009D379C /* XCTest.framework */ = {isa = PBXFileReference; lastKnownFileType = wrapper.framework; name = XCTest.framework; path = Library/Frameworks/XCTest.framework; sourceTree = DEVELOPER_DIR; };
		4D18D12C1978FE89009D379C /* aarghTests-Info.plist */ = {isa = PBXFileReference; lastKnownFileType = text.plist.xml; path = "aarghTests-Info.plist"; sourceTree = "<group>"; };
		4D18D12E1978FE89009D379C /* en */ = {isa = PBXFileReference; lastKnownFileType = text.plist.strings; name = en; path = en.lproj/InfoPlist.strings; sourceTree = "<group>"; };
		4D18D1301978FE89009D379C /* aarghTests.m */ = {isa = PBXFileReference; lastKnownFileType = sourcecode.c.objc; path = aarghTests.m; sourceTree = "<group>"; };
		4D18D13A19790058009D379C /* WebKit.framework */ = {isa = PBXFileReference; lastKnownFileType = wrapper.framework; name = WebKit.framework; path = System/Library/Frameworks/WebKit.framework; sourceTree = SDKROOT; };
/* End PBXFileReference section */

/* Begin PBXFrameworksBuildPhase section */
		4D18D1001978FE89009D379C /* Frameworks */ = {
			isa = PBXFrameworksBuildPhase;
			buildActionMask = 2147483647;
			files = (
				4D18D13B19790058009D379C /* WebKit.framework in Frameworks */,
				4D18D1071978FE89009D379C /* Cocoa.framework in Frameworks */,
			);
			runOnlyForDeploymentPostprocessing = 0;
		};
		4D18D1211978FE89009D379C /* Frameworks */ = {
			isa = PBXFrameworksBuildPhase;
			buildActionMask = 2147483647;
			files = (
				4D18D1271978FE89009D379C /* Cocoa.framework in Frameworks */,
				4D18D1261978FE89009D379C /* XCTest.framework in Frameworks */,
			);
			runOnlyForDeploymentPostprocessing = 0;
		};
/* End PBXFrameworksBuildPhase section */

/* Begin PBXGroup section */
		4D18D0FA1978FE89009D379C = {
			isa = PBXGroup;
			children = (
				4D18D10C1978FE89009D379C /* aargh */,
				4D18D12A1978FE89009D379C /* aarghTests */,
				4D18D1051978FE89009D379C /* Frameworks */,
				4D18D1041978FE89009D379C /* Products */,
			);
			sourceTree = "<group>";
		};
		4D18D1041978FE89009D379C /* Products */ = {
			isa = PBXGroup;
			children = (
				4D18D1031978FE89009D379C /* aargh.app */,
				4D18D1241978FE89009D379C /* aarghTests.xctest */,
			);
			name = Products;
			sourceTree = "<group>";
		};
		4D18D1051978FE89009D379C /* Frameworks */ = {
			isa = PBXGroup;
			children = (
				4D18D13A19790058009D379C /* WebKit.framework */,
				4D18D1061978FE89009D379C /* Cocoa.framework */,
				4D18D1251978FE89009D379C /* XCTest.framework */,
				4D18D1081978FE89009D379C /* Other Frameworks */,
			);
			name = Frameworks;
			sourceTree = "<group>";
		};
		4D18D1081978FE89009D379C /* Other Frameworks */ = {
			isa = PBXGroup;
			children = (
				4D18D1091978FE89009D379C /* AppKit.framework */,
				4D18D10A1978FE89009D379C /* CoreData.framework */,
				4D18D10B1978FE89009D379C /* Foundation.framework */,
			);
			name = "Other Frameworks";
			sourceTree = "<group>";
		};
		4D18D10C1978FE89009D379C /* aargh */ = {
			isa = PBXGroup;
			children = (
				4D18D1181978FE89009D379C /* BTAppDelegate.h */,
				4D18D1191978FE89009D379C /* BTAppDelegate.m */,
				4D18D11B1978FE89009D379C /* MainMenu.xib */,
				4D18D11E1978FE89009D379C /* Images.xcassets */,
				4D18D10D1978FE89009D379C /* Supporting Files */,
			);
			path = aargh;
			sourceTree = "<group>";
		};
		4D18D10D1978FE89009D379C /* Supporting Files */ = {
			isa = PBXGroup;
			children = (
				4D18D10E1978FE89009D379C /* aargh-Info.plist */,
				4D18D10F1978FE89009D379C /* InfoPlist.strings */,
				4D18D1121978FE89009D379C /* main.m */,
				4D18D1141978FE89009D379C /* aargh-Prefix.pch */,
				4D18D1151978FE89009D379C /* Credits.rtf */,
			);
			name = "Supporting Files";
			sourceTree = "<group>";
		};
		4D18D12A1978FE89009D379C /* aarghTests */ = {
			isa = PBXGroup;
			children = (
				4D18D1301978FE89009D379C /* aarghTests.m */,
				4D18D12B1978FE89009D379C /* Supporting Files */,
			);
			path = aarghTests;
			sourceTree = "<group>";
		};
		4D18D12B1978FE89009D379C /* Supporting Files */ = {
			isa = PBXGroup;
			children = (
				4D18D12C1978FE89009D379C /* aarghTests-Info.plist */,
				4D18D12D1978FE89009D379C /* InfoPlist.strings */,
			);
			name = "Supporting Files";
			sourceTree = "<group>";
		};
/* End PBXGroup section */

/* Begin PBXNativeTarget section */
		4D18D1021978FE89009D379C /* aargh */ = {
			isa = PBXNativeTarget;
			buildConfigurationList = 4D18D1341978FE89009D379C /* Build configuration list for PBXNativeTarget "aargh" */;
			buildPhases = (
				4D18D0FF1978FE89009D379C /* Sources */,
				4D18D1001978FE89009D379C /* Frameworks */,
				4D18D1011978FE89009D379C /* Resources */,
			);
			buildRules = (
			);
			dependencies = (
			);
			name = aargh;
			productName = aargh;
			productReference = 4D18D1031978FE89009D379C /* aargh.app */;
			productType = "com.apple.product-type.application";
		};
		4D18D1231978FE89009D379C /* aarghTests */ = {
			isa = PBXNativeTarget;
			buildConfigurationList = 4D18D1371978FE89009D379C /* Build configuration list for PBXNativeTarget "aarghTests" */;
			buildPhases = (
				4D18D1201978FE89009D379C /* Sources */,
				4D18D1211978FE89009D379C /* Frameworks */,
				4D18D1221978FE89009D379C /* Resources */,
			);
			buildRules = (
			);
			dependencies = (
				4D18D1291978FE89009D379C /* PBXTargetDependency */,
			);
			name = aarghTests;
			productName = aarghTests;
			productReference = 4D18D1241978FE89009D379C /* aarghTests.xctest */;
			productType = "com.apple.product-type.bundle.unit-test";
		};
/* End PBXNativeTarget section */

/* Begin PBXProject section */
		4D18D0FB1978FE89009D379C /* Project object */ = {
			isa = PBXProject;
			attributes = {
				CLASSPREFIX = BT;
				LastUpgradeCheck = 0510;
				ORGANIZATIONNAME = "Benedikt Terhechte";
				TargetAttributes = {
					4D18D1231978FE89009D379C = {
						TestTargetID = 4D18D1021978FE89009D379C;
					};
				};
			};
			buildConfigurationList = 4D18D0FE1978FE89009D379C /* Build configuration list for PBXProject "aargh" */;
			compatibilityVersion = "Xcode 3.2";
			developmentRegion = English;
			hasScannedForEncodings = 0;
			knownRegions = (
				en,
				Base,
			);
			mainGroup = 4D18D0FA1978FE89009D379C;
			productRefGroup = 4D18D1041978FE89009D379C /* Products */;
			projectDirPath = "";
			projectRoot = "";
			targets = (
				4D18D1021978FE89009D379C /* aargh */,
				4D18D1231978FE89009D379C /* aarghTests */,
			);
		};
/* End PBXProject section */

/* Begin PBXResourcesBuildPhase section */
		4D18D1011978FE89009D379C /* Resources */ = {
			isa = PBXResourcesBuildPhase;
			buildActionMask = 2147483647;
			files = (
				4D18D1111978FE89009D379C /* InfoPlist.strings in Resources */,
				4D18D11F1978FE89009D379C /* Images.xcassets in Resources */,
				4D18D1171978FE89009D379C /* Credits.rtf in Resources */,
				4D18D11D1978FE89009D379C /* MainMenu.xib in Resources */,
			);
			runOnlyForDeploymentPostprocessing = 0;
		};
		4D18D1221978FE89009D379C /* Resources */ = {
			isa = PBXResourcesBuildPhase;
			buildActionMask = 2147483647;
			files = (
				4D18D12F1978FE89009D379C /* InfoPlist.strings in Resources */,
			);
			runOnlyForDeploymentPostprocessing = 0;
		};
/* End PBXResourcesBuildPhase section */

/* Begin PBXSourcesBuildPhase section */
		4D18D0FF1978FE89009D379C /* Sources */ = {
			isa = PBXSourcesBuildPhase;
			buildActionMask = 2147483647;
			files = (
				4D18D11A1978FE89009D379C /* BTAppDelegate.m in Sources */,
				4D18D1131978FE89009D379C /* main.m in Sources */,
			);
			runOnlyForDeploymentPostprocessing = 0;
		};
		4D18D1201978FE89009D379C /* Sources */ = {
			isa = PBXSourcesBuildPhase;
			buildActionMask = 2147483647;
			files = (
				4D18D1311978FE89009D379C /* aarghTests.m in Sources */,
			);
			runOnlyForDeploymentPostprocessing = 0;
		};
/* End PBXSourcesBuildPhase section */

/* Begin PBXTargetDependency section */
		4D18D1291978FE89009D379C /* PBXTargetDependency */ = {
			isa = PBXTargetDependency;
			target = 4D18D1021978FE89009D379C /* aargh */;
			targetProxy = 4D18D1281978FE89009D379C /* PBXContainerItemProxy */;
		};
/* End PBXTargetDependency section */

/* Begin PBXVariantGroup section */
		4D18D10F1978FE89009D379C /* InfoPlist.strings */ = {
			isa = PBXVariantGroup;
			children = (
				4D18D1101978FE89009D379C /* en */,
			);
			name = InfoPlist.strings;
			sourceTree = "<group>";
		};
		4D18D1151978FE89009D379C /* Credits.rtf */ = {
			isa = PBXVariantGroup;
			children = (
				4D18D1161978FE89009D379C /* en */,
			);
			name = Credits.rtf;
			sourceTree = "<group>";
		};
		4D18D11B1978FE89009D379C /* MainMenu.xib */ = {
			isa = PBXVariantGroup;
			children = (
				4D18D11C1978FE89009D379C /* Base */,
			);
			name = MainMenu.xib;
			sourceTree = "<group>";
		};
		4D18D12D1978FE89009D379C /* InfoPlist.strings */ = {
			isa = PBXVariantGroup;
			children = (
				4D18D12E1978FE89009D379C /* en */,
			);
			name = InfoPlist.strings;
			sourceTree = "<group>";
		};
/* End PBXVariantGroup section */

/* Begin XCBuildConfiguration section */
		4D18D1321978FE89009D379C /* Debug */ = {
			isa = XCBuildConfiguration;
			buildSettings = {
				ALWAYS_SEARCH_USER_PATHS = NO;
				CLANG_CXX_LANGUAGE_STANDARD = "gnu++0x";
				CLANG_CXX_LIBRARY = "libc++";
				CLANG_ENABLE_MODULES = YES;
				CLANG_ENABLE_OBJC_ARC = YES;
				CLANG_WARN_BOOL_CONVERSION = YES;
				CLANG_WARN_CONSTANT_CONVERSION = YES;
				CLANG_WARN_DIRECT_OBJC_ISA_USAGE = YES_ERROR;
				CLANG_WARN_EMPTY_BODY = YES;
				CLANG_WARN_ENUM_CONVERSION = YES;
				CLANG_WARN_INT_CONVERSION = YES;
				CLANG_WARN_OBJC_ROOT_CLASS = YES_ERROR;
				CLANG_WARN__DUPLICATE_METHOD_MATCH = YES;
				COPY_PHASE_STRIP = NO;
				GCC_C_LANGUAGE_STANDARD = gnu99;
				GCC_DYNAMIC_NO_PIC = NO;
				GCC_ENABLE_OBJC_EXCEPTIONS = YES;
				GCC_OPTIMIZATION_LEVEL = 0;
				GCC_PREPROCESSOR_DEFINITIONS = (
					"DEBUG=1",
					"$(inherited)",
				);
				GCC_SYMBOLS_PRIVATE_EXTERN = NO;
				GCC_WARN_64_TO_32_BIT_CONVERSION = YES;
				GCC_WARN_ABOUT_RETURN_TYPE = YES_ERROR;
				GCC_WARN_UNDECLARED_SELECTOR = YES;
				GCC_WARN_UNINITIALIZED_AUTOS = YES_AGGRESSIVE;
				GCC_WARN_UNUSED_FUNCTION = YES;
				GCC_WARN_UNUSED_VARIABLE = YES;
				MACOSX_DEPLOYMENT_TARGET = 10.8;
				ONLY_ACTIVE_ARCH = YES;
				SDKROOT = macosx;
			};
			name = Debug;
		};
		4D18D1331978FE89009D379C /* Release */ = {
			isa = XCBuildConfiguration;
			buildSettings = {
				ALWAYS_SEARCH_USER_PATHS = NO;
				CLANG_CXX_LANGUAGE_STANDARD = "gnu++0x";
				CLANG_CXX_LIBRARY = "libc++";
				CLANG_ENABLE_MODULES = YES;
				CLANG_ENABLE_OBJC_ARC = YES;
				CLANG_WARN_BOOL_CONVERSION = YES;
				CLANG_WARN_CONSTANT_CONVERSION = YES;
				CLANG_WARN_DIRECT_OBJC_ISA_USAGE = YES_ERROR;
				CLANG_WARN_EMPTY_BODY = YES;
				CLANG_WARN_ENUM_CONVERSION = YES;
				CLANG_WARN_INT_CONVERSION = YES;
				CLANG_WARN_OBJC_ROOT_CLASS = YES_ERROR;
				CLANG_WARN__DUPLICATE_METHOD_MATCH = YES;
				COPY_PHASE_STRIP = YES;
				DEBUG_INFORMATION_FORMAT = "dwarf-with-dsym";
				ENABLE_NS_ASSERTIONS = NO;
				GCC_C_LANGUAGE_STANDARD = gnu99;
				GCC_ENABLE_OBJC_EXCEPTIONS = YES;
				GCC_WARN_64_TO_32_BIT_CONVERSION = YES;
				GCC_WARN_ABOUT_RETURN_TYPE = YES_ERROR;
				GCC_WARN_UNDECLARED_SELECTOR = YES;
				GCC_WARN_UNINITIALIZED_AUTOS = YES_AGGRESSIVE;
				GCC_WARN_UNUSED_FUNCTION = YES;
				GCC_WARN_UNUSED_VARIABLE = YES;
				MACOSX_DEPLOYMENT_TARGET = 10.8;
				SDKROOT = macosx;
			};
			name = Release;
		};
		4D18D1351978FE89009D379C /* Debug */ = {
			isa = XCBuildConfiguration;
			buildSettings = {
				ASSETCATALOG_COMPILER_APPICON_NAME = AppIcon;
				COMBINE_HIDPI_IMAGES = YES;
				GCC_PRECOMPILE_PREFIX_HEADER = YES;
				GCC_PREFIX_HEADER = "aargh/aargh-Prefix.pch";
				INFOPLIST_FILE = "aargh/aargh-Info.plist";
				MACOSX_DEPLOYMENT_TARGET = 10.8;
				PRODUCT_NAME = "$(TARGET_NAME)";
				WRAPPER_EXTENSION = app;
			};
			name = Debug;
		};
		4D18D1361978FE89009D379C /* Release */ = {
			isa = XCBuildConfiguration;
			buildSettings = {
				ASSETCATALOG_COMPILER_APPICON_NAME = AppIcon;
				COMBINE_HIDPI_IMAGES = YES;
				GCC_PRECOMPILE_PREFIX_HEADER = YES;
				GCC_PREFIX_HEADER = "aargh/aargh-Prefix.pch";
				INFOPLIST_FILE = "aargh/aargh-Info.plist";
				MACOSX_DEPLOYMENT_TARGET = 10.8;
				PRODUCT_NAME = "$(TARGET_NAME)";
				WRAPPER_EXTENSION = app;
			};
			name = Release;
		};
		4D18D1381978FE89009D379C /* Debug */ = {
			isa = XCBuildConfiguration;
			buildSettings = {
				BUNDLE_LOADER = "$(BUILT_PRODUCTS_DIR)/aargh.app/Contents/MacOS/aargh";
				COMBINE_HIDPI_IMAGES = YES;
				FRAMEWORK_SEARCH_PATHS = (
					"$(DEVELOPER_FRAMEWORKS_DIR)",
					"$(inherited)",
				);
				GCC_PRECOMPILE_PREFIX_HEADER = YES;
				GCC_PREFIX_HEADER = "aargh/aargh-Prefix.pch";
				GCC_PREPROCESSOR_DEFINITIONS = (
					"DEBUG=1",
					"$(inherited)",
				);
				INFOPLIST_FILE = "aarghTests/aarghTests-Info.plist";
				PRODUCT_NAME = "$(TARGET_NAME)";
				TEST_HOST = "$(BUNDLE_LOADER)";
				WRAPPER_EXTENSION = xctest;
			};
			name = Debug;
		};
		4D18D1391978FE89009D379C /* Release */ = {
			isa = XCBuildConfiguration;
			buildSettings = {
				BUNDLE_LOADER = "$(BUILT_PRODUCTS_DIR)/aargh.app/Contents/MacOS/aargh";
				COMBINE_HIDPI_IMAGES = YES;
				FRAMEWORK_SEARCH_PATHS = (
					"$(DEVELOPER_FRAMEWORKS_DIR)",
					"$(inherited)",
				);
				GCC_PRECOMPILE_PREFIX_HEADER = YES;
				GCC_PREFIX_HEADER = "aargh/aargh-Prefix.pch";
				INFOPLIST_FILE = "aarghTests/aarghTests-Info.plist";
				PRODUCT_NAME = "$(TARGET_NAME)";
				TEST_HOST = "$(BUNDLE_LOADER)";
				WRAPPER_EXTENSION = xctest;
			};
			name = Release;
		};
/* End XCBuildConfiguration section */

/* Begin XCConfigurationList section */
		4D18D0FE1978FE89009D379C /* Build configuration list for PBXProject "aargh" */ = {
			isa = XCConfigurationList;
			buildConfigurations = (
				4D18D1321978FE89009D379C /* Debug */,
				4D18D1331978FE89009D379C /* Release */,
			);
			defaultConfigurationIsVisible = 0;
			defaultConfigurationName = Release;
		};
		4D18D1341978FE89009D379C /* Build configuration list for PBXNativeTarget "aargh" */ = {
			isa = XCConfigurationList;
			buildConfigurations = (
				4D18D1351978FE89009D379C /* Debug */,
				4D18D1361978FE89009D379C /* Release */,
			);
			defaultConfigurationIsVisible = 0;
			defaultConfigurationName = Release;
		};
		4D18D1371978FE89009D379C /* Build configuration list for PBXNativeTarget "aarghTests" */ = {
			isa = XCConfigurationList;
			buildConfigurations = (
				4D18D1381978FE89009D379C /* Debug */,
				4D18D1391978FE89009D379C /* Release */,
			);
			defaultConfigurationIsVisible = 0;
			defaultConfigurationName = Release;
		};
/* End XCConfigurationList section */
	};
	rootObject = 4D18D0FB1978FE89009D379C /* Project object */;
}
